
Microsoft Visual Studio Solution File, Format Version 12.00
# Visual Studio Version 17
VisualStudioVersion = 17.11.35222.181
MinimumVisualStudioVersion = 10.0.40219.1
Project("{8BC9CEB8-8B4A-11D0-8D11-00A0C91BC942}") = "Employee Class Exercise", "Employee Class Exercise\Employee Class Exercise.vcxproj", "{EBDCB36C-A58A-4B46-87B7-9664EF68F83E}"
EndProject
Global
	GlobalSection(SolutionConfigurationPlatforms) = preSolution
		Debug|x64 = Debug|x64
		Debug|x86 = Debug|x86
		Release|x64 = Release|x64
		Release|x86 = Release|x86
	EndGlobalSection
	GlobalSection(ProjectConfigurationPlatforms) = postSolution
		{EBDCB36C-A58A-4B46-87B7-9664EF68F83E}.Debug|x64.ActiveCfg = Debug|x64
		{EBDCB36C-A58A-4B46-87B7-9664EF68F83E}.Debug|x64.Build.0 = Debug|x64
		{EBDCB36C-A58A-4B46-87B7-9664EF68F83E}.Debug|x86.ActiveCfg = Debug|Win32
		{EBDCB36C-A58A-4B46-87B7-9664EF68F83E}.Debug|x86.Build.0 = Debug|Win32
		{EBDCB36C-A58A-4B46-87B7-9664EF68F83E}.Release|x64.ActiveCfg = Release|x64
		{EBDCB36C-A58A-4B46-87B7-9664EF68F83E}.Release|x64.Build.0 = Release|x64
		{EBDCB36C-A58A-4B46-87B7-9664EF68F83E}.Release|x86.ActiveCfg = Release|Win32
		{EBDCB36C-A58A-4B46-87B7-9664EF68F83E}.Release|x86.Build.0 = Release|Win32
	EndGlobalSection
	GlobalSection(SolutionProperties) = preSolution
		HideSolutionNode = FALSE
	EndGlobalSection
	GlobalSection(ExtensibilityGlobals) = postSolution
		SolutionGuid = {F673DEED-7238-441D-8ADB-95FE59E9E62A}
	EndGlobalSection
EndGlobal
